# THIS IS AN AUTOGENERATED FILE. DO NOT EDIT THIS FILE DIRECTLY.
# yarn lockfile v1


"@cocoon/distance@0.9.0":
  version "0.9.0"
  resolved "https://registry.yarnpkg.com/@cocoon/distance/-/distance-0.9.0.tgz#e35a2a56f3c1a6533512098f3ee1e310d1b32f50"
  integrity sha512-ivZ2st0W7QPXpKuXQ3Q8VnXn3GkjEDShRFYkTpXNeikD0BwW4li7EdKU5B0X82xVbVno2sOL1NvxVVYBvHAiBQ==

"@cocoon/types@0.84.0":
  version "0.84.0"
  resolved "https://registry.yarnpkg.com/@cocoon/types/-/types-0.84.0.tgz#6bbf8639d59de747a3eff0ec264f4dc4dc2f729d"
  integrity sha512-LXNhdpip4e66bVKrujmd2fxjs7XiS2IceGslIoxXUjxHUkjJ3ucGFXtLImf8VTXH/Wjc4mur42r4tcQL/VnUKg==
  dependencies:
    "@types/lodash" "^4.14.134"
    "@types/node" "^12.0.8"
    "@types/react" "^16.8.22"
    "@types/react-dom" "^16.8.4"
    "@types/styled-components" "^4.1.16"

"@sindresorhus/slugify@0.9.1":
  version "0.9.1"
  resolved "https://registry.yarnpkg.com/@sindresorhus/slugify/-/slugify-0.9.1.tgz#892ad24d70b442c0a14fe519cb4019d59bc5069f"
  integrity sha512-b6heYM9dzZD13t2GOiEQTDE0qX+I1GyOotMwKh9VQqzuNiVdPVT8dM43fe9HNb/3ul+Qwd5oKSEDrDIfhq3bnQ==
  dependencies:
    escape-string-regexp "^1.0.5"
    lodash.deburr "^4.1.0"

"@types/lodash@^4.14.134":
  version "4.14.135"
  resolved "https://registry.yarnpkg.com/@types/lodash/-/lodash-4.14.135.tgz#d2607c35dd68f70c2b35ba020c667493dedd8447"
  integrity sha512-Ed+tSZ9qM1oYpi5kzdsBuOzcAIn1wDW+e8TFJ50IMJMlSopGdJgKAbhHzN6h1E1OfjlGOr2JepzEWtg9NIfoNg==

"@types/node@^12.0.8":
  version "12.0.10"
  resolved "https://registry.yarnpkg.com/@types/node/-/node-12.0.10.tgz#51babf9c7deadd5343620055fc8aff7995c8b031"
  integrity sha512-LcsGbPomWsad6wmMNv7nBLw7YYYyfdYcz6xryKYQhx89c3XXan+8Q6AJ43G5XDIaklaVkK3mE4fCb0SBvMiPSQ==

"@types/prop-types@*":
  version "15.7.1"
  resolved "https://registry.yarnpkg.com/@types/prop-types/-/prop-types-15.7.1.tgz#f1a11e7babb0c3cad68100be381d1e064c68f1f6"
  integrity sha512-CFzn9idOEpHrgdw8JsoTkaDDyRWk1jrzIV8djzcgpq0y9tG4B4lFT+Nxh52DVpDXV+n4+NPNv7M1Dj5uMp6XFg==

"@types/react-dom@^16.8.4":
  version "16.8.4"
  resolved "https://registry.yarnpkg.com/@types/react-dom/-/react-dom-16.8.4.tgz#7fb7ba368857c7aa0f4e4511c4710ca2c5a12a88"
  integrity sha512-eIRpEW73DCzPIMaNBDP5pPIpK1KXyZwNgfxiVagb5iGiz6da+9A5hslSX6GAQKdO7SayVCS/Fr2kjqprgAvkfA==
  dependencies:
    "@types/react" "*"

"@types/react-native@*":
  version "0.57.64"
  resolved "https://registry.yarnpkg.com/@types/react-native/-/react-native-0.57.64.tgz#bb26d57f8b0975f0562efbd41722048fb275eb47"
  integrity sha512-g8iKvLkEPB+49EKauH7rVrX0y9Gb59+kyFjBFAMOAtwMjfFqiRBK6argXowDq0L6zE8kBoAmJN7v8WGlxOKBeg==
  dependencies:
    "@types/prop-types" "*"
    "@types/react" "*"

"@types/react@*", "@types/react@^16.8.22":
  version "16.8.22"
  resolved "https://registry.yarnpkg.com/@types/react/-/react-16.8.22.tgz#7f18bf5ea0c1cad73c46b6b1c804a3ce0eec6d54"
  integrity sha512-C3O1yVqk4sUXqWyx0wlys76eQfhrQhiDhDlHBrjER76lR2S2Agiid/KpOU9oCqj1dISStscz7xXz1Cg8+sCQeA==
  dependencies:
    "@types/prop-types" "*"
    csstype "^2.2.0"

"@types/styled-components@^4.1.16":
  version "4.1.16"
  resolved "https://registry.yarnpkg.com/@types/styled-components/-/styled-components-4.1.16.tgz#63fb33d02bc41d70a3af88711849b6df5d2a58e0"
  integrity sha512-h4VtEopz0AS2oAbZlVSG1gnEhvx0LXcmYn9jD/y8Z/OHimsQygYFeDPbUDH/rJOaQu3T+PgAgRtOTG2IZyUTVg==
  dependencies:
    "@types/react" "*"
    "@types/react-native" "*"
    csstype "^2.2.0"

"@zeit/ncc@0.18.5":
  version "0.18.5"
  resolved "https://registry.yarnpkg.com/@zeit/ncc/-/ncc-0.18.5.tgz#5687df6c32f1a2e2486aa110b3454ccebda4fb9c"
  integrity sha512-F+SbvEAh8rchiRXqQbmD1UmbePY7dCOKTbvfFtbVbK2xMH/tyri5YKfNxXKK7eL9EWkkbqB3NTVQO6nokApeBA==

argparse@^1.0.7:
  version "1.0.10"
  resolved "https://registry.yarnpkg.com/argparse/-/argparse-1.0.10.tgz#bcd6791ea5ae09725e17e5ad988134cd40b3d911"
  integrity sha512-o5Roy6tNG4SL/FOkCAN6RzjiakZS25RLYFrcMttJqbdd8BWrnA+fGz57iN5Pb06pvBGvl5gQ0B48dJlslXvoTg==
  dependencies:
    sprintf-js "~1.0.2"

csstype@^2.2.0:
  version "2.6.5"
  resolved "https://registry.yarnpkg.com/csstype/-/csstype-2.6.5.tgz#1cd1dff742ebf4d7c991470ae71e12bb6751e034"
  integrity sha512-JsTaiksRsel5n7XwqPAfB0l3TFKdpjW/kgAELf9vrb5adGA7UCPLajKK5s3nFrcFm3Rkyp/Qkgl73ENc1UY3cA==

escape-string-regexp@^1.0.5:
  version "1.0.5"
  resolved "https://registry.yarnpkg.com/escape-string-regexp/-/escape-string-regexp-1.0.5.tgz#1b61c0562190a8dff6ae3bb2cf0200ca130b86d4"
  integrity sha1-G2HAViGQqN/2rjuyzwIAyhMLhtQ=

esprima@^4.0.0:
  version "4.0.1"
  resolved "https://registry.yarnpkg.com/esprima/-/esprima-4.0.1.tgz#13b04cdb3e6c5d19df91ab6987a8695619b0aa71"
  integrity sha512-eGuFFw7Upda+g4p+QHvnW0RyTX/SVeJBDM/gCtMARO0cLuT2HcEKnTPvhjV6aGeqrCB/sbNop0Kszm0jsaWU4A==

extend-shallow@^2.0.1:
  version "2.0.1"
  resolved "https://registry.yarnpkg.com/extend-shallow/-/extend-shallow-2.0.1.tgz#51af7d614ad9a9f610ea1bafbb989d6b1c56890f"
  integrity sha1-Ua99YUrZqfYQ6huvu5idaxxWiQ8=
  dependencies:
    is-extendable "^0.1.0"

gray-matter@4.0.2:
  version "4.0.2"
  resolved "https://registry.yarnpkg.com/gray-matter/-/gray-matter-4.0.2.tgz#9aa379e3acaf421193fce7d2a28cebd4518ac454"
  integrity sha512-7hB/+LxrOjq/dd8APlK0r24uL/67w7SkYnfwhNFwg/VDIGWGmduTDYf3WNstLW2fbbmRwrDGCVSJ2isuf2+4Hw==
  dependencies:
    js-yaml "^3.11.0"
    kind-of "^6.0.2"
    section-matter "^1.0.0"
    strip-bom-string "^1.0.0"

is-extendable@^0.1.0:
  version "0.1.1"
  resolved "https://registry.yarnpkg.com/is-extendable/-/is-extendable-0.1.1.tgz#62b110e289a471418e3ec36a617d472e301dfc89"
  integrity sha1-YrEQ4omkcUGOPsNqYX1HLjAd/Ik=

js-yaml@^3.11.0:
  version "3.13.1"
  resolved "https://registry.yarnpkg.com/js-yaml/-/js-yaml-3.13.1.tgz#aff151b30bfdfa8e49e05da22e7415e9dfa37847"
  integrity sha512-YfbcO7jXDdyj0DGxYVSlSeQNHbD7XPWvrVWeVUujrQEoZzWJIRrCPoyk6kL6IAjAG2IolMK4T0hNUe0HOUs5Jw==
  dependencies:
    argparse "^1.0.7"
    esprima "^4.0.0"

kind-of@^6.0.0, kind-of@^6.0.2:
  version "6.0.2"
  resolved "https://registry.yarnpkg.com/kind-of/-/kind-of-6.0.2.tgz#01146b36a6218e64e58f3a8d66de5d7fc6f6d051"
  integrity sha512-s5kLOcnH0XqDO+FvuaLX8DDjZ18CGFk7VygH40QoKPUQhW4e2rvM0rwUq0t8IQDOwYSeLK01U90OjzBTme2QqA==

lodash.deburr@^4.1.0:
  version "4.1.0"
  resolved "https://registry.yarnpkg.com/lodash.deburr/-/lodash.deburr-4.1.0.tgz#ddb1bbb3ef07458c0177ba07de14422cb033ff9b"
  integrity sha1-3bG7s+8HRYwBd7oH3hRCLLAz/5s=

prettier@1.18.2:
  version "1.18.2"
  resolved "https://registry.yarnpkg.com/prettier/-/prettier-1.18.2.tgz#6823e7c5900017b4bd3acf46fe9ac4b4d7bda9ea"
  integrity sha512-OeHeMc0JhFE9idD4ZdtNibzY0+TPHSpSSb9h8FqtP+YnoZZ1sl8Vc9b1sasjfymH3SonAF4QcA2+mzHPhMvIiw==

section-matter@^1.0.0:
  version "1.0.0"
  resolved "https://registry.yarnpkg.com/section-matter/-/section-matter-1.0.0.tgz#e9041953506780ec01d59f292a19c7b850b84167"
  integrity sha512-vfD3pmTzGpufjScBh50YHKzEu2lxBWhVEHsNGoEXmCmn2hKGfeNLYMzCJpe8cD7gqX7TJluOVpBkAequ6dgMmA==
  dependencies:
    extend-shallow "^2.0.1"
    kind-of "^6.0.0"

sprintf-js@~1.0.2:
  version "1.0.3"
  resolved "https://registry.yarnpkg.com/sprintf-js/-/sprintf-js-1.0.3.tgz#04e6926f662895354f3dd015203633b857297e2c"
  integrity sha1-BOaSb2YolTVPPdAVIDYzuFcpfiw=

strip-bom-string@^1.0.0:
  version "1.0.0"
  resolved "https://registry.yarnpkg.com/strip-bom-string/-/strip-bom-string-1.0.0.tgz#e5211e9224369fbb81d633a2f00044dc8cedad92"
  integrity sha1-5SEekiQ2n7uB1jOi8ABE3IztrZI=
